
Microsoft Visual Studio Solution File, Format Version 12.00
# Visual Studio Version 17
VisualStudioVersion = 17.9.34701.34
MinimumVisualStudioVersion = 10.0.40219.1
Project("{FAE04EC0-301F-11D3-BF4B-00C04F79EFBC}") = "PrelloStarter2", "PrelloStarter2.csproj", "{F1E09656-BFAA-4697-BC7A-3E4725437DAE}"
EndProject
Global
	GlobalSection(SolutionConfigurationPlatforms) = preSolution
		Debug|Any CPU = Debug|Any CPU
		Release|Any CPU = Release|Any CPU
	EndGlobalSection
	GlobalSection(ProjectConfigurationPlatforms) = postSolution
		{F1E09656-BFAA-4697-BC7A-3E4725437DAE}.Debug|Any CPU.ActiveCfg = Debug|Any CPU
		{F1E09656-BFAA-4697-BC7A-3E4725437DAE}.Debug|Any CPU.Build.0 = Debug|Any CPU
		{F1E09656-BFAA-4697-BC7A-3E4725437DAE}.Release|Any CPU.ActiveCfg = Release|Any CPU
		{F1E09656-BFAA-4697-BC7A-3E4725437DAE}.Release|Any CPU.Build.0 = Release|Any CPU
	EndGlobalSection
	GlobalSection(SolutionProperties) = preSolution
		HideSolutionNode = FALSE
	EndGlobalSection
	GlobalSection(ExtensibilityGlobals) = postSolution
		SolutionGuid = {05649E90-3322-47E5-96D3-3EDB81E08826}
	EndGlobalSection
EndGlobal
